
Microsoft Visual Studio Solution File, Format Version 12.00
# Visual Studio Version 16
VisualStudioVersion = 16.0.31321.278
MinimumVisualStudioVersion = 10.0.40219.1
Project("{FAE04EC0-301F-11D3-BF4B-00C04F79EFBC}") = "CMSApplication", "CMSApplication.csproj", "{B0BA48DA-913C-440D-BCE0-70084CE43579}"
EndProject
Global
	GlobalSection(SolutionConfigurationPlatforms) = preSolution
		Debug|Any CPU = Debug|Any CPU
		Release|Any CPU = Release|Any CPU
	EndGlobalSection
	GlobalSection(ProjectConfigurationPlatforms) = postSolution
		{B0BA48DA-913C-440D-BCE0-70084CE43579}.Debug|Any CPU.ActiveCfg = Debug|Any CPU
		{B0BA48DA-913C-440D-BCE0-70084CE43579}.Debug|Any CPU.Build.0 = Debug|Any CPU
		{B0BA48DA-913C-440D-BCE0-70084CE43579}.Release|Any CPU.ActiveCfg = Release|Any CPU
		{B0BA48DA-913C-440D-BCE0-70084CE43579}.Release|Any CPU.Build.0 = Release|Any CPU
	EndGlobalSection
	GlobalSection(SolutionProperties) = preSolution
		HideSolutionNode = FALSE
	EndGlobalSection
	GlobalSection(ExtensibilityGlobals) = postSolution
		SolutionGuid = {DB99D00C-CA52-4E02-9F0B-4837EC6C872D}
	EndGlobalSection
EndGlobal
